
Microsoft Visual Studio Solution File, Format Version 12.00
# Visual Studio Version 17
VisualStudioVersion = 17.13.35931.197 d17.13
MinimumVisualStudioVersion = 10.0.40219.1
Project("{FAE04EC0-301F-11D3-BF4B-00C04F79EFBC}") = "FawryChallenge", "FawryChallenge\FawryChallenge.csproj", "{5B2258E0-1D49-441D-905A-2A0F07083F7C}"
EndProject
Global
	GlobalSection(SolutionConfigurationPlatforms) = preSolution
		Debug|Any CPU = Debug|Any CPU
		Release|Any CPU = Release|Any CPU
	EndGlobalSection
	GlobalSection(ProjectConfigurationPlatforms) = postSolution
		{5B2258E0-1D49-441D-905A-2A0F07083F7C}.Debug|Any CPU.ActiveCfg = Debug|Any CPU
		{5B2258E0-1D49-441D-905A-2A0F07083F7C}.Debug|Any CPU.Build.0 = Debug|Any CPU
		{5B2258E0-1D49-441D-905A-2A0F07083F7C}.Release|Any CPU.ActiveCfg = Release|Any CPU
		{5B2258E0-1D49-441D-905A-2A0F07083F7C}.Release|Any CPU.Build.0 = Release|Any CPU
	EndGlobalSection
	GlobalSection(SolutionProperties) = preSolution
		HideSolutionNode = FALSE
	EndGlobalSection
	GlobalSection(ExtensibilityGlobals) = postSolution
		SolutionGuid = {5ECE4023-659E-4B5A-99F3-711F5EDADA81}
	EndGlobalSection
EndGlobal
